
Microsoft Visual Studio Solution File, Format Version 12.00
# Visual Studio Version 16
VisualStudioVersion = 16.0.30711.63
MinimumVisualStudioVersion = 10.0.40219.1
Project("{FAE04EC0-301F-11D3-BF4B-00C04F79EFBC}") = "DentistRegistrationForm", "DentistRegistrationForm\DentistRegistrationForm.csproj", "{7624EA22-0C04-4D8A-B9A1-C8C83576B4B2}"
EndProject
Project("{FAE04EC0-301F-11D3-BF4B-00C04F79EFBC}") = "DentistRegistrationFormData", "DentistRegistrationFormData\DentistRegistrationFormData.csproj", "{2F71D01C-87EE-46E6-A508-BB4FC07C6265}"
EndProject
Global
	GlobalSection(SolutionConfigurationPlatforms) = preSolution
		Debug|Any CPU = Debug|Any CPU
		Release|Any CPU = Release|Any CPU
	EndGlobalSection
	GlobalSection(ProjectConfigurationPlatforms) = postSolution
		{7624EA22-0C04-4D8A-B9A1-C8C83576B4B2}.Debug|Any CPU.ActiveCfg = Debug|Any CPU
		{7624EA22-0C04-4D8A-B9A1-C8C83576B4B2}.Debug|Any CPU.Build.0 = Debug|Any CPU
		{7624EA22-0C04-4D8A-B9A1-C8C83576B4B2}.Release|Any CPU.ActiveCfg = Release|Any CPU
		{7624EA22-0C04-4D8A-B9A1-C8C83576B4B2}.Release|Any CPU.Build.0 = Release|Any CPU
		{2F71D01C-87EE-46E6-A508-BB4FC07C6265}.Debug|Any CPU.ActiveCfg = Debug|Any CPU
		{2F71D01C-87EE-46E6-A508-BB4FC07C6265}.Debug|Any CPU.Build.0 = Debug|Any CPU
		{2F71D01C-87EE-46E6-A508-BB4FC07C6265}.Release|Any CPU.ActiveCfg = Release|Any CPU
		{2F71D01C-87EE-46E6-A508-BB4FC07C6265}.Release|Any CPU.Build.0 = Release|Any CPU
	EndGlobalSection
	GlobalSection(SolutionProperties) = preSolution
		HideSolutionNode = FALSE
	EndGlobalSection
	GlobalSection(ExtensibilityGlobals) = postSolution
		SolutionGuid = {C21253D1-F723-418F-96E3-970DEA7F237C}
	EndGlobalSection
EndGlobal
